// !$*UTF8*$!
{
	archiveVersion = 1;
	classes = {
	};
	objectVersion = 50;
	objects = {

/* Begin PBXBuildFile section */
		9B0FAB6726596E34006485F2 /* PersistentStorage.swift in Sources */ = {isa = PBXBuildFile; fileRef = 9B0FAB6626596E34006485F2 /* PersistentStorage.swift */; };
		9B0FAB6A265970CD006485F2 /* CDProductExtension.swift in Sources */ = {isa = PBXBuildFile; fileRef = 9B0FAB69265970CD006485F2 /* CDProductExtension.swift */; };
		9B2EC7122659369D005782D7 /* AppDelegate.swift in Sources */ = {isa = PBXBuildFile; fileRef = 9B2EC7112659369D005782D7 /* AppDelegate.swift */; };
		9B2EC7142659369D005782D7 /* SceneDelegate.swift in Sources */ = {isa = PBXBuildFile; fileRef = 9B2EC7132659369D005782D7 /* SceneDelegate.swift */; };
		9B2EC7192659369D005782D7 /* Main.storyboard in Resources */ = {isa = PBXBuildFile; fileRef = 9B2EC7172659369D005782D7 /* Main.storyboard */; };
		9B2EC71C2659369D005782D7 /* A2_FA_iOS_GurinderSingh_C0806087.xcdatamodeld in Sources */ = {isa = PBXBuildFile; fileRef = 9B2EC71A2659369D005782D7 /* A2_FA_iOS_GurinderSingh_C0806087.xcdatamodeld */; };
		9B2EC71E265936A0005782D7 /* Assets.xcassets in Resources */ = {isa = PBXBuildFile; fileRef = 9B2EC71D265936A0005782D7 /* Assets.xcassets */; };
		9B2EC721265936A0005782D7 /* LaunchScreen.storyboard in Resources */ = {isa = PBXBuildFile; fileRef = 9B2EC71F265936A0005782D7 /* LaunchScreen.storyboard */; };
		9B2EC72A26593FB0005782D7 /* ListTableCell.swift in Sources */ = {isa = PBXBuildFile; fileRef = 9B2EC72926593FB0005782D7 /* ListTableCell.swift */; };
		9B2EC72C26593FEF005782D7 /* ListViewController.swift in Sources */ = {isa = PBXBuildFile; fileRef = 9B2EC72B26593FEF005782D7 /* ListViewController.swift */; };
		9B35F45F265CE9B900C831B6 /* CDProvider+CoreDataClass.swift in Sources */ = {isa = PBXBuildFile; fileRef = 9B35F45D265CE9B900C831B6 /* CDProvider+CoreDataClass.swift */; };
		9B35F460265CE9B900C831B6 /* CDProvider+CoreDataProperties.swift in Sources */ = {isa = PBXBuildFile; fileRef = 9B35F45E265CE9B900C831B6 /* CDProvider+CoreDataProperties.swift */; };
		9B35F462265CEA5700C831B6 /* ProviderDataRepository.swift in Sources */ = {isa = PBXBuildFile; fileRef = 9B35F461265CEA5700C831B6 /* ProviderDataRepository.swift */; };
		9B35F464265CEAA800C831B6 /* ProviderManager.swift in Sources */ = {isa = PBXBuildFile; fileRef = 9B35F463265CEAA800C831B6 /* ProviderManager.swift */; };
		9B35F466265CEADE00C831B6 /* Provider.swift in Sources */ = {isa = PBXBuildFile; fileRef = 9B35F465265CEADE00C831B6 /* Provider.swift */; };
		9B35F468265CEB2000C831B6 /* String+Extension.swift in Sources */ = {isa = PBXBuildFile; fileRef = 9B35F467265CEB2000C831B6 /* String+Extension.swift */; };
		9B35F46A265CEB5E00C831B6 /* CDProviderExtension.swift in Sources */ = {isa = PBXBuildFile; fileRef = 9B35F469265CEB5E00C831B6 /* CDProviderExtension.swift */; };
		9B35F46C265CEBD200C831B6 /* ProductListViewController.swift in Sources */ = {isa = PBXBuildFile; fileRef = 9B35F46B265CEBD200C831B6 /* ProductListViewController.swift */; };
		9B35F46E265CEC0B00C831B6 /* ProductListCell.swift in Sources */ = {isa = PBXBuildFile; fileRef = 9B35F46D265CEC0B00C831B6 /* ProductListCell.swift */; };
		9B6E216A2659583600FBF8D5 /* ProductFormViewController.swift in Sources */ = {isa = PBXBuildFile; fileRef = 9B6E21692659583600FBF8D5 /* ProductFormViewController.swift */; };
		9B6E2171265969A000FBF8D5 /* ProductManager.swift in Sources */ = {isa = PBXBuildFile; fileRef = 9B6E2170265969A000FBF8D5 /* ProductManager.swift */; };
		9B6E2173265969CE00FBF8D5 /* Product.swift in Sources */ = {isa = PBXBuildFile; fileRef = 9B6E2172265969CE00FBF8D5 /* Product.swift */; };
		9B6E217526596A1B00FBF8D5 /* ProductDataRepository.swift in Sources */ = {isa = PBXBuildFile; fileRef = 9B6E217426596A1B00FBF8D5 /* ProductDataRepository.swift */; };
		9B6E217826596CA700FBF8D5 /* CDProduct+CoreDataClass.swift in Sources */ = {isa = PBXBuildFile; fileRef = 9B6E217626596CA700FBF8D5 /* CDProduct+CoreDataClass.swift */; };
		9B6E217926596CA700FBF8D5 /* CDProduct+CoreDataProperties.swift in Sources */ = {isa = PBXBuildFile; fileRef = 9B6E217726596CA700FBF8D5 /* CDProduct+CoreDataProperties.swift */; };
/* End PBXBuildFile section */

/* Begin PBXFileReference section */
		9B0FAB6626596E34006485F2 /* PersistentStorage.swift */ = {isa = PBXFileReference; lastKnownFileType = sourcecode.swift; path = PersistentStorage.swift; sourceTree = "<group>"; };
		9B0FAB69265970CD006485F2 /* CDProductExtension.swift */ = {isa = PBXFileReference; lastKnownFileType = sourcecode.swift; path = CDProductExtension.swift; sourceTree = "<group>"; };
		9B2EC70E2659369D005782D7 /* A2_FA_iOS_GurinderSingh_C0806087.app */ = {isa = PBXFileReference; explicitFileType = wrapper.application; includeInIndex = 0; path = A2_FA_iOS_GurinderSingh_C0806087.app; sourceTree = BUILT_PRODUCTS_DIR; };
		9B2EC7112659369D005782D7 /* AppDelegate.swift */ = {isa = PBXFileReference; lastKnownFileType = sourcecode.swift; path = AppDelegate.swift; sourceTree = "<group>"; };
		9B2EC7132659369D005782D7 /* SceneDelegate.swift */ = {isa = PBXFileReference; lastKnownFileType = sourcecode.swift; path = SceneDelegate.swift; sourceTree = "<group>"; };
		9B2EC7182659369D005782D7 /* Base */ = {isa = PBXFileReference; lastKnownFileType = file.storyboard; name = Base; path = Base.lproj/Main.storyboard; sourceTree = "<group>"; };
		9B2EC71B2659369D005782D7 /* A2_FA_iOS_GurinderSingh_C0806087.xcdatamodel */ = {isa = PBXFileReference; lastKnownFileType = wrapper.xcdatamodel; path = A2_FA_iOS_GurinderSingh_C0806087.xcdatamodel; sourceTree = "<group>"; };
		9B2EC71D265936A0005782D7 /* Assets.xcassets */ = {isa = PBXFileReference; lastKnownFileType = folder.assetcatalog; path = Assets.xcassets; sourceTree = "<group>"; };
		9B2EC720265936A0005782D7 /* Base */ = {isa = PBXFileReference; lastKnownFileType = file.storyboard; name = Base; path = Base.lproj/LaunchScreen.storyboard; sourceTree = "<group>"; };
		9B2EC722265936A0005782D7 /* Info.plist */ = {isa = PBXFileReference; lastKnownFileType = text.plist.xml; path = Info.plist; sourceTree = "<group>"; };
		9B2EC72926593FB0005782D7 /* ListTableCell.swift */ = {isa = PBXFileReference; lastKnownFileType = sourcecode.swift; path = ListTableCell.swift; sourceTree = "<group>"; };
		9B2EC72B26593FEF005782D7 /* ListViewController.swift */ = {isa = PBXFileReference; lastKnownFileType = sourcecode.swift; path = ListViewController.swift; sourceTree = "<group>"; };
		9B35F45D265CE9B900C831B6 /* CDProvider+CoreDataClass.swift */ = {isa = PBXFileReference; lastKnownFileType = sourcecode.swift; path = "CDProvider+CoreDataClass.swift"; sourceTree = "<group>"; };
		9B35F45E265CE9B900C831B6 /* CDProvider+CoreDataProperties.swift */ = {isa = PBXFileReference; lastKnownFileType = sourcecode.swift; path = "CDProvider+CoreDataProperties.swift"; sourceTree = "<group>"; };
		9B35F461265CEA5700C831B6 /* ProviderDataRepository.swift */ = {isa = PBXFileReference; lastKnownFileType = sourcecode.swift; path = ProviderDataRepository.swift; sourceTree = "<group>"; };
		9B35F463265CEAA800C831B6 /* ProviderManager.swift */ = {isa = PBXFileReference; lastKnownFileType = sourcecode.swift; path = ProviderManager.swift; sourceTree = "<group>"; };
		9B35F465265CEADE00C831B6 /* Provider.swift */ = {isa = PBXFileReference; lastKnownFileType = sourcecode.swift; path = Provider.swift; sourceTree = "<group>"; };
		9B35F467265CEB2000C831B6 /* String+Extension.swift */ = {isa = PBXFileReference; lastKnownFileType = sourcecode.swift; path = "String+Extension.swift"; sourceTree = "<group>"; };
		9B35F469265CEB5E00C831B6 /* CDProviderExtension.swift */ = {isa = PBXFileReference; lastKnownFileType = sourcecode.swift; path = CDProviderExtension.swift; sourceTree = "<group>"; };
		9B35F46B265CEBD200C831B6 /* ProductListViewController.swift */ = {isa = PBXFileReference; lastKnownFileType = sourcecode.swift; path = ProductListViewController.swift; sourceTree = "<group>"; };
		9B35F46D265CEC0B00C831B6 /* ProductListCell.swift */ = {isa = PBXFileReference; lastKnownFileType = sourcecode.swift; path = ProductListCell.swift; sourceTree = "<group>"; };
		9B6E21692659583600FBF8D5 /* ProductFormViewController.swift */ = {isa = PBXFileReference; lastKnownFileType = sourcecode.swift; path = ProductFormViewController.swift; sourceTree = "<group>"; };
		9B6E2170265969A000FBF8D5 /* ProductManager.swift */ = {isa = PBXFileReference; lastKnownFileType = sourcecode.swift; path = ProductManager.swift; sourceTree = "<group>"; };
		9B6E2172265969CE00FBF8D5 /* Product.swift */ = {isa = PBXFileReference; lastKnownFileType = sourcecode.swift; path = Product.swift; sourceTree = "<group>"; };
		9B6E217426596A1B00FBF8D5 /* ProductDataRepository.swift */ = {isa = PBXFileReference; lastKnownFileType = sourcecode.swift; path = ProductDataRepository.swift; sourceTree = "<group>"; };
		9B6E217626596CA700FBF8D5 /* CDProduct+CoreDataClass.swift */ = {isa = PBXFileReference; lastKnownFileType = sourcecode.swift; path = "CDProduct+CoreDataClass.swift"; sourceTree = "<group>"; };
		9B6E217726596CA700FBF8D5 /* CDProduct+CoreDataProperties.swift */ = {isa = PBXFileReference; lastKnownFileType = sourcecode.swift; path = "CDProduct+CoreDataProperties.swift"; sourceTree = "<group>"; };
/* End PBXFileReference section */

/* Begin PBXFrameworksBuildPhase section */
		9B2EC70B2659369D005782D7 /* Frameworks */ = {
			isa = PBXFrameworksBuildPhase;
			buildActionMask = 2147483647;
			files = (
			);
			runOnlyForDeploymentPostprocessing = 0;
		};
/* End PBXFrameworksBuildPhase section */

/* Begin PBXGroup section */
		9B0FAB6826597096006485F2 /* Extensions */ = {
			isa = PBXGroup;
			children = (
				9B35F467265CEB2000C831B6 /* String+Extension.swift */,
				9B0FAB69265970CD006485F2 /* CDProductExtension.swift */,
				9B35F469265CEB5E00C831B6 /* CDProviderExtension.swift */,
			);
			path = Extensions;
			sourceTree = "<group>";
		};
		9B2EC7052659369C005782D7 = {
			isa = PBXGroup;
			children = (
				9B2EC7102659369D005782D7 /* A2_FA_iOS_GurinderSingh_C0806087 */,
				9B2EC70F2659369D005782D7 /* Products */,
			);
			sourceTree = "<group>";
		};
		9B2EC70F2659369D005782D7 /* Products */ = {
			isa = PBXGroup;
			children = (
				9B2EC70E2659369D005782D7 /* A2_FA_iOS_GurinderSingh_C0806087.app */,
			);
			name = Products;
			sourceTree = "<group>";
		};
		9B2EC7102659369D005782D7 /* A2_FA_iOS_GurinderSingh_C0806087 */ = {
			isa = PBXGroup;
			children = (
				9B2EC7112659369D005782D7 /* AppDelegate.swift */,
				9B2EC7132659369D005782D7 /* SceneDelegate.swift */,
				9B6E216E2659695500FBF8D5 /* CoreDataSupportFiles */,
				9B6E216F2659696C00FBF8D5 /* DataRepository */,
				9B6E216C2659693100FBF8D5 /* Manager */,
				9B6E216D2659693F00FBF8D5 /* Models */,
				9B6E216B2659584200FBF8D5 /* View Controllers */,
				9B2EC72826593F00005782D7 /* TableViewCell */,
				9B2EC7172659369D005782D7 /* Main.storyboard */,
				9B2EC71D265936A0005782D7 /* Assets.xcassets */,
				9B2EC71F265936A0005782D7 /* LaunchScreen.storyboard */,
				9B2EC722265936A0005782D7 /* Info.plist */,
				9B2EC71A2659369D005782D7 /* A2_FA_iOS_GurinderSingh_C0806087.xcdatamodeld */,
			);
			path = A2_FA_iOS_GurinderSingh_C0806087;
			sourceTree = "<group>";
		};
		9B2EC72826593F00005782D7 /* TableViewCell */ = {
			isa = PBXGroup;
			children = (
				9B2EC72926593FB0005782D7 /* ListTableCell.swift */,
				9B35F46D265CEC0B00C831B6 /* ProductListCell.swift */,
			);
			path = TableViewCell;
			sourceTree = "<group>";
		};
		9B6E216B2659584200FBF8D5 /* View Controllers */ = {
			isa = PBXGroup;
			children = (
				9B0FAB6826597096006485F2 /* Extensions */,
				9B2EC72B26593FEF005782D7 /* ListViewController.swift */,
				9B6E21692659583600FBF8D5 /* ProductFormViewController.swift */,
				9B35F46B265CEBD200C831B6 /* ProductListViewController.swift */,
			);
			path = "View Controllers";
			sourceTree = "<group>";
		};
		9B6E216C2659693100FBF8D5 /* Manager */ = {
			isa = PBXGroup;
			children = (
				9B6E2170265969A000FBF8D5 /* ProductManager.swift */,
				9B35F463265CEAA800C831B6 /* ProviderManager.swift */,
			);
			path = Manager;
			sourceTree = "<group>";
		};
		9B6E216D2659693F00FBF8D5 /* Models */ = {
			isa = PBXGroup;
			children = (
				9B6E2172265969CE00FBF8D5 /* Product.swift */,
				9B35F465265CEADE00C831B6 /* Provider.swift */,
			);
			path = Models;
			sourceTree = "<group>";
		};
		9B6E216E2659695500FBF8D5 /* CoreDataSupportFiles */ = {
			isa = PBXGroup;
			children = (
				9B0FAB6626596E34006485F2 /* PersistentStorage.swift */,
				9B6E217626596CA700FBF8D5 /* CDProduct+CoreDataClass.swift */,
				9B6E217726596CA700FBF8D5 /* CDProduct+CoreDataProperties.swift */,
				9B35F45D265CE9B900C831B6 /* CDProvider+CoreDataClass.swift */,
				9B35F45E265CE9B900C831B6 /* CDProvider+CoreDataProperties.swift */,
			);
			path = CoreDataSupportFiles;
			sourceTree = "<group>";
		};
		9B6E216F2659696C00FBF8D5 /* DataRepository */ = {
			isa = PBXGroup;
			children = (
				9B6E217426596A1B00FBF8D5 /* ProductDataRepository.swift */,
				9B35F461265CEA5700C831B6 /* ProviderDataRepository.swift */,
			);
			path = DataRepository;
			sourceTree = "<group>";
		};
/* End PBXGroup section */

/* Begin PBXNativeTarget section */
		9B2EC70D2659369D005782D7 /* A2_FA_iOS_GurinderSingh_C0806087 */ = {
			isa = PBXNativeTarget;
			buildConfigurationList = 9B2EC725265936A0005782D7 /* Build configuration list for PBXNativeTarget "A2_FA_iOS_GurinderSingh_C0806087" */;
			buildPhases = (
				9B2EC70A2659369D005782D7 /* Sources */,
				9B2EC70B2659369D005782D7 /* Frameworks */,
				9B2EC70C2659369D005782D7 /* Resources */,
			);
			buildRules = (
			);
			dependencies = (
			);
			name = A2_FA_iOS_GurinderSingh_C0806087;
			productName = A2_FA_iOS_GurinderSingh_C0806087;
			productReference = 9B2EC70E2659369D005782D7 /* A2_FA_iOS_GurinderSingh_C0806087.app */;
			productType = "com.apple.product-type.application";
		};
/* End PBXNativeTarget section */

/* Begin PBXProject section */
		9B2EC7062659369C005782D7 /* Project object */ = {
			isa = PBXProject;
			attributes = {
				LastSwiftUpdateCheck = 1170;
				LastUpgradeCheck = 1170;
				ORGANIZATIONNAME = "Gurinder Singh";
				TargetAttributes = {
					9B2EC70D2659369D005782D7 = {
						CreatedOnToolsVersion = 11.7;
					};
				};
			};
			buildConfigurationList = 9B2EC7092659369C005782D7 /* Build configuration list for PBXProject "A2_FA_iOS_GurinderSingh_C0806087" */;
			compatibilityVersion = "Xcode 9.3";
			developmentRegion = en;
			hasScannedForEncodings = 0;
			knownRegions = (
				en,
				Base,
			);
			mainGroup = 9B2EC7052659369C005782D7;
			productRefGroup = 9B2EC70F2659369D005782D7 /* Products */;
			projectDirPath = "";
			projectRoot = "";
			targets = (
				9B2EC70D2659369D005782D7 /* A2_FA_iOS_GurinderSingh_C0806087 */,
			);
		};
/* End PBXProject section */

/* Begin PBXResourcesBuildPhase section */
		9B2EC70C2659369D005782D7 /* Resources */ = {
			isa = PBXResourcesBuildPhase;
			buildActionMask = 2147483647;
			files = (
				9B2EC721265936A0005782D7 /* LaunchScreen.storyboard in Resources */,
				9B2EC71E265936A0005782D7 /* Assets.xcassets in Resources */,
				9B2EC7192659369D005782D7 /* Main.storyboard in Resources */,
			);
			runOnlyForDeploymentPostprocessing = 0;
		};
/* End PBXResourcesBuildPhase section */

/* Begin PBXSourcesBuildPhase section */
		9B2EC70A2659369D005782D7 /* Sources */ = {
			isa = PBXSourcesBuildPhase;
			buildActionMask = 2147483647;
			files = (
				9B6E216A2659583600FBF8D5 /* ProductFormViewController.swift in Sources */,
				9B0FAB6A265970CD006485F2 /* CDProductExtension.swift in Sources */,
				9B35F464265CEAA800C831B6 /* ProviderManager.swift in Sources */,
				9B35F468265CEB2000C831B6 /* String+Extension.swift in Sources */,
				9B6E2173265969CE00FBF8D5 /* Product.swift in Sources */,
				9B35F466265CEADE00C831B6 /* Provider.swift in Sources */,
				9B2EC72A26593FB0005782D7 /* ListTableCell.swift in Sources */,
				9B35F46A265CEB5E00C831B6 /* CDProviderExtension.swift in Sources */,
				9B6E2171265969A000FBF8D5 /* ProductManager.swift in Sources */,
				9B2EC72C26593FEF005782D7 /* ListViewController.swift in Sources */,
				9B2EC7122659369D005782D7 /* AppDelegate.swift in Sources */,
				9B6E217826596CA700FBF8D5 /* CDProduct+CoreDataClass.swift in Sources */,
				9B6E217926596CA700FBF8D5 /* CDProduct+CoreDataProperties.swift in Sources */,
				9B35F46E265CEC0B00C831B6 /* ProductListCell.swift in Sources */,
				9B6E217526596A1B00FBF8D5 /* ProductDataRepository.swift in Sources */,
				9B2EC7142659369D005782D7 /* SceneDelegate.swift in Sources */,
				9B35F460265CE9B900C831B6 /* CDProvider+CoreDataProperties.swift in Sources */,
				9B35F46C265CEBD200C831B6 /* ProductListViewController.swift in Sources */,
				9B35F462265CEA5700C831B6 /* ProviderDataRepository.swift in Sources */,
				9B2EC71C2659369D005782D7 /* A2_FA_iOS_GurinderSingh_C0806087.xcdatamodeld in Sources */,
				9B0FAB6726596E34006485F2 /* PersistentStorage.swift in Sources */,
				9B35F45F265CE9B900C831B6 /* CDProvider+CoreDataClass.swift in Sources */,
			);
			runOnlyForDeploymentPostprocessing = 0;
		};
/* End PBXSourcesBuildPhase section */

/* Begin PBXVariantGroup section */
		9B2EC7172659369D005782D7 /* Main.storyboard */ = {
			isa = PBXVariantGroup;
			children = (
				9B2EC7182659369D005782D7 /* Base */,
			);
			name = Main.storyboard;
			sourceTree = "<group>";
		};
		9B2EC71F265936A0005782D7 /* LaunchScreen.storyboard */ = {
			isa = PBXVariantGroup;
			children = (
				9B2EC720265936A0005782D7 /* Base */,
			);
			name = LaunchScreen.storyboard;
			sourceTree = "<group>";
		};
/* End PBXVariantGroup section */

/* Begin XCBuildConfiguration section */
		9B2EC723265936A0005782D7 /* Debug */ = {
			isa = XCBuildConfiguration;
			buildSettings = {
				ALWAYS_SEARCH_USER_PATHS = NO;
				CLANG_ANALYZER_NONNULL = YES;
				CLANG_ANALYZER_NUMBER_OBJECT_CONVERSION = YES_AGGRESSIVE;
				CLANG_CXX_LANGUAGE_STANDARD = "gnu++14";
				CLANG_CXX_LIBRARY = "libc++";
				CLANG_ENABLE_MODULES = YES;
				CLANG_ENABLE_OBJC_ARC = YES;
				CLANG_ENABLE_OBJC_WEAK = YES;
				CLANG_WARN_BLOCK_CAPTURE_AUTORELEASING = YES;
				CLANG_WARN_BOOL_CONVERSION = YES;
				CLANG_WARN_COMMA = YES;
				CLANG_WARN_CONSTANT_CONVERSION = YES;
				CLANG_WARN_DEPRECATED_OBJC_IMPLEMENTATIONS = YES;
				CLANG_WARN_DIRECT_OBJC_ISA_USAGE = YES_ERROR;
				CLANG_WARN_DOCUMENTATION_COMMENTS = YES;
				CLANG_WARN_EMPTY_BODY = YES;
				CLANG_WARN_ENUM_CONVERSION = YES;
				CLANG_WARN_INFINITE_RECURSION = YES;
				CLANG_WARN_INT_CONVERSION = YES;
				CLANG_WARN_NON_LITERAL_NULL_CONVERSION = YES;
				CLANG_WARN_OBJC_IMPLICIT_RETAIN_SELF = YES;
				CLANG_WARN_OBJC_LITERAL_CONVERSION = YES;
				CLANG_WARN_OBJC_ROOT_CLASS = YES_ERROR;
				CLANG_WARN_RANGE_LOOP_ANALYSIS = YES;
				CLANG_WARN_STRICT_PROTOTYPES = YES;
				CLANG_WARN_SUSPICIOUS_MOVE = YES;
				CLANG_WARN_UNGUARDED_AVAILABILITY = YES_AGGRESSIVE;
				CLANG_WARN_UNREACHABLE_CODE = YES;
				CLANG_WARN__DUPLICATE_METHOD_MATCH = YES;
				COPY_PHASE_STRIP = NO;
				DEBUG_INFORMATION_FORMAT = dwarf;
				ENABLE_STRICT_OBJC_MSGSEND = YES;
				ENABLE_TESTABILITY = YES;
				GCC_C_LANGUAGE_STANDARD = gnu11;
				GCC_DYNAMIC_NO_PIC = NO;
				GCC_NO_COMMON_BLOCKS = YES;
				GCC_OPTIMIZATION_LEVEL = 0;
				GCC_PREPROCESSOR_DEFINITIONS = (
					"DEBUG=1",
					"$(inherited)",
				);
				GCC_WARN_64_TO_32_BIT_CONVERSION = YES;
				GCC_WARN_ABOUT_RETURN_TYPE = YES_ERROR;
				GCC_WARN_UNDECLARED_SELECTOR = YES;
				GCC_WARN_UNINITIALIZED_AUTOS = YES_AGGRESSIVE;
				GCC_WARN_UNUSED_FUNCTION = YES;
				GCC_WARN_UNUSED_VARIABLE = YES;
				IPHONEOS_DEPLOYMENT_TARGET = 13.7;
				MTL_ENABLE_DEBUG_INFO = INCLUDE_SOURCE;
				MTL_FAST_MATH = YES;
				ONLY_ACTIVE_ARCH = YES;
				SDKROOT = iphoneos;
				SWIFT_ACTIVE_COMPILATION_CONDITIONS = DEBUG;
				SWIFT_OPTIMIZATION_LEVEL = "-Onone";
			};
			name = Debug;
		};
		9B2EC724265936A0005782D7 /* Release */ = {
			isa = XCBuildConfiguration;
			buildSettings = {
				ALWAYS_SEARCH_USER_PATHS = NO;
				CLANG_ANALYZER_NONNULL = YES;
				CLANG_ANALYZER_NUMBER_OBJECT_CONVERSION = YES_AGGRESSIVE;
				CLANG_CXX_LANGUAGE_STANDARD = "gnu++14";
				CLANG_CXX_LIBRARY = "libc++";
				CLANG_ENABLE_MODULES = YES;
				CLANG_ENABLE_OBJC_ARC = YES;
				CLANG_ENABLE_OBJC_WEAK = YES;
				CLANG_WARN_BLOCK_CAPTURE_AUTORELEASING = YES;
				CLANG_WARN_BOOL_CONVERSION = YES;
				CLANG_WARN_COMMA = YES;
				CLANG_WARN_CONSTANT_CONVERSION = YES;
				CLANG_WARN_DEPRECATED_OBJC_IMPLEMENTATIONS = YES;
				CLANG_WARN_DIRECT_OBJC_ISA_USAGE = YES_ERROR;
				CLANG_WARN_DOCUMENTATION_COMMENTS = YES;
				CLANG_WARN_EMPTY_BODY = YES;
				CLANG_WARN_ENUM_CONVERSION = YES;
				CLANG_WARN_INFINITE_RECURSION = YES;
				CLANG_WARN_INT_CONVERSION = YES;
				CLANG_WARN_NON_LITERAL_NULL_CONVERSION = YES;
				CLANG_WARN_OBJC_IMPLICIT_RETAIN_SELF = YES;
				CLANG_WARN_OBJC_LITERAL_CONVERSION = YES;
				CLANG_WARN_OBJC_ROOT_CLASS = YES_ERROR;
				CLANG_WARN_RANGE_LOOP_ANALYSIS = YES;
				CLANG_WARN_STRICT_PROTOTYPES = YES;
				CLANG_WARN_SUSPICIOUS_MOVE = YES;
				CLANG_WARN_UNGUARDED_AVAILABILITY = YES_AGGRESSIVE;
				CLANG_WARN_UNREACHABLE_CODE = YES;
				CLANG_WARN__DUPLICATE_METHOD_MATCH = YES;
				COPY_PHASE_STRIP = NO;
				DEBUG_INFORMATION_FORMAT = "dwarf-with-dsym";
				ENABLE_NS_ASSERTIONS = NO;
				ENABLE_STRICT_OBJC_MSGSEND = YES;
				GCC_C_LANGUAGE_STANDARD = gnu11;
				GCC_NO_COMMON_BLOCKS = YES;
				GCC_WARN_64_TO_32_BIT_CONVERSION = YES;
				GCC_WARN_ABOUT_RETURN_TYPE = YES_ERROR;
				GCC_WARN_UNDECLARED_SELECTOR = YES;
				GCC_WARN_UNINITIALIZED_AUTOS = YES_AGGRESSIVE;
				GCC_WARN_UNUSED_FUNCTION = YES;
				GCC_WARN_UNUSED_VARIABLE = YES;
				IPHONEOS_DEPLOYMENT_TARGET = 13.7;
				MTL_ENABLE_DEBUG_INFO = NO;
				MTL_FAST_MATH = YES;
				SDKROOT = iphoneos;
				SWIFT_COMPILATION_MODE = wholemodule;
				SWIFT_OPTIMIZATION_LEVEL = "-O";
				VALIDATE_PRODUCT = YES;
			};
			name = Release;
		};
		9B2EC726265936A0005782D7 /* Debug */ = {
			isa = XCBuildConfiguration;
			buildSettings = {
				ASSETCATALOG_COMPILER_APPICON_NAME = AppIcon;
				CODE_SIGN_STYLE = Automatic;
				DEVELOPMENT_TEAM = FZ8UMCTY5V;
				INFOPLIST_FILE = A2_FA_iOS_GurinderSingh_C0806087/Info.plist;
				LD_RUNPATH_SEARCH_PATHS = (
					"$(inherited)",
					"@executable_path/Frameworks",
				);
				PRODUCT_BUNDLE_IDENTIFIER = "GurinderSingh.A2-FA-iOS-GurinderSingh-C0806087";
				PRODUCT_NAME = "$(TARGET_NAME)";
				SWIFT_VERSION = 5.0;
				TARGETED_DEVICE_FAMILY = "1,2";
			};
			name = Debug;
		};
		9B2EC727265936A0005782D7 /* Release */ = {
			isa = XCBuildConfiguration;
			buildSettings = {
				ASSETCATALOG_COMPILER_APPICON_NAME = AppIcon;
				CODE_SIGN_STYLE = Automatic;
				DEVELOPMENT_TEAM = FZ8UMCTY5V;
				INFOPLIST_FILE = A2_FA_iOS_GurinderSingh_C0806087/Info.plist;
				LD_RUNPATH_SEARCH_PATHS = (
					"$(inherited)",
					"@executable_path/Frameworks",
				);
				PRODUCT_BUNDLE_IDENTIFIER = "GurinderSingh.A2-FA-iOS-GurinderSingh-C0806087";
				PRODUCT_NAME = "$(TARGET_NAME)";
				SWIFT_VERSION = 5.0;
				TARGETED_DEVICE_FAMILY = "1,2";
			};
			name = Release;
		};
/* End XCBuildConfiguration section */

/* Begin XCConfigurationList section */
		9B2EC7092659369C005782D7 /* Build configuration list for PBXProject "A2_FA_iOS_GurinderSingh_C0806087" */ = {
			isa = XCConfigurationList;
			buildConfigurations = (
				9B2EC723265936A0005782D7 /* Debug */,
				9B2EC724265936A0005782D7 /* Release */,
			);
			defaultConfigurationIsVisible = 0;
			defaultConfigurationName = Release;
		};
		9B2EC725265936A0005782D7 /* Build configuration list for PBXNativeTarget "A2_FA_iOS_GurinderSingh_C0806087" */ = {
			isa = XCConfigurationList;
			buildConfigurations = (
				9B2EC726265936A0005782D7 /* Debug */,
				9B2EC727265936A0005782D7 /* Release */,
			);
			defaultConfigurationIsVisible = 0;
			defaultConfigurationName = Release;
		};
/* End XCConfigurationList section */

/* Begin XCVersionGroup section */
		9B2EC71A2659369D005782D7 /* A2_FA_iOS_GurinderSingh_C0806087.xcdatamodeld */ = {
			isa = XCVersionGroup;
			children = (
				9B2EC71B2659369D005782D7 /* A2_FA_iOS_GurinderSingh_C0806087.xcdatamodel */,
			);
			currentVersion = 9B2EC71B2659369D005782D7 /* A2_FA_iOS_GurinderSingh_C0806087.xcdatamodel */;
			path = A2_FA_iOS_GurinderSingh_C0806087.xcdatamodeld;
			sourceTree = "<group>";
			versionGroupType = wrapper.xcdatamodel;
		};
/* End XCVersionGroup section */
	};
	rootObject = 9B2EC7062659369C005782D7 /* Project object */;
}
